
Microsoft Visual Studio Solution File, Format Version 12.00
# Visual Studio Version 17
VisualStudioVersion = 17.0.31903.59
MinimumVisualStudioVersion = 10.0.40219.1
Project("{2150E333-8FDC-42A3-9474-1A3956D46DE8}") = "Backend", "Backend", "{1AE8ACA6-933B-BF2A-3671-3E2EAC007D16}"
EndProject
Project("{FAE04EC0-301F-11D3-BF4B-00C04F79EFBC}") = "Todo.Domain", "Backend\Todo.Domain\Todo.Domain.csproj", "{ACD75B7C-6F10-42BB-91BB-23F30E1EE668}"
EndProject
Project("{FAE04EC0-301F-11D3-BF4B-00C04F79EFBC}") = "Todo.Application", "Backend\Todo.Application\Todo.Application.csproj", "{A3CFC858-502F-4A24-8A83-665647519DDC}"
EndProject
Project("{FAE04EC0-301F-11D3-BF4B-00C04F79EFBC}") = "Todo.Infrastructure", "Backend\Todo.Infrastructure\Todo.Infrastructure.csproj", "{744BB5AF-D0D7-4A03-A8EA-4F2D8F1F2E9F}"
EndProject
Project("{FAE04EC0-301F-11D3-BF4B-00C04F79EFBC}") = "Todo.Api", "Backend\Todo.Api\Todo.Api.csproj", "{6F0456DF-79F2-4D0E-B43F-2BDE7E91CFBA}"
EndProject
Project("{FAE04EC0-301F-11D3-BF4B-00C04F79EFBC}") = "Todo.Tests", "Backend\Todo.Tests\Todo.Tests.csproj", "{7B98ABD7-9C06-4F81-8B8E-AB966F23E57A}"
EndProject
Global
	GlobalSection(SolutionConfigurationPlatforms) = preSolution
		Debug|Any CPU = Debug|Any CPU
		Debug|x64 = Debug|x64
		Debug|x86 = Debug|x86
		Release|Any CPU = Release|Any CPU
		Release|x64 = Release|x64
		Release|x86 = Release|x86
	EndGlobalSection
	GlobalSection(ProjectConfigurationPlatforms) = postSolution
		{ACD75B7C-6F10-42BB-91BB-23F30E1EE668}.Debug|Any CPU.ActiveCfg = Debug|Any CPU
		{ACD75B7C-6F10-42BB-91BB-23F30E1EE668}.Debug|Any CPU.Build.0 = Debug|Any CPU
		{ACD75B7C-6F10-42BB-91BB-23F30E1EE668}.Debug|x64.ActiveCfg = Debug|Any CPU
		{ACD75B7C-6F10-42BB-91BB-23F30E1EE668}.Debug|x64.Build.0 = Debug|Any CPU
		{ACD75B7C-6F10-42BB-91BB-23F30E1EE668}.Debug|x86.ActiveCfg = Debug|Any CPU
		{ACD75B7C-6F10-42BB-91BB-23F30E1EE668}.Debug|x86.Build.0 = Debug|Any CPU
		{ACD75B7C-6F10-42BB-91BB-23F30E1EE668}.Release|Any CPU.ActiveCfg = Release|Any CPU
		{ACD75B7C-6F10-42BB-91BB-23F30E1EE668}.Release|Any CPU.Build.0 = Release|Any CPU
		{ACD75B7C-6F10-42BB-91BB-23F30E1EE668}.Release|x64.ActiveCfg = Release|Any CPU
		{ACD75B7C-6F10-42BB-91BB-23F30E1EE668}.Release|x64.Build.0 = Release|Any CPU
		{ACD75B7C-6F10-42BB-91BB-23F30E1EE668}.Release|x86.ActiveCfg = Release|Any CPU
		{ACD75B7C-6F10-42BB-91BB-23F30E1EE668}.Release|x86.Build.0 = Release|Any CPU
		{A3CFC858-502F-4A24-8A83-665647519DDC}.Debug|Any CPU.ActiveCfg = Debug|Any CPU
		{A3CFC858-502F-4A24-8A83-665647519DDC}.Debug|Any CPU.Build.0 = Debug|Any CPU
		{A3CFC858-502F-4A24-8A83-665647519DDC}.Debug|x64.ActiveCfg = Debug|Any CPU
		{A3CFC858-502F-4A24-8A83-665647519DDC}.Debug|x64.Build.0 = Debug|Any CPU
		{A3CFC858-502F-4A24-8A83-665647519DDC}.Debug|x86.ActiveCfg = Debug|Any CPU
		{A3CFC858-502F-4A24-8A83-665647519DDC}.Debug|x86.Build.0 = Debug|Any CPU
		{A3CFC858-502F-4A24-8A83-665647519DDC}.Release|Any CPU.ActiveCfg = Release|Any CPU
		{A3CFC858-502F-4A24-8A83-665647519DDC}.Release|Any CPU.Build.0 = Release|Any CPU
		{A3CFC858-502F-4A24-8A83-665647519DDC}.Release|x64.ActiveCfg = Release|Any CPU
		{A3CFC858-502F-4A24-8A83-665647519DDC}.Release|x64.Build.0 = Release|Any CPU
		{A3CFC858-502F-4A24-8A83-665647519DDC}.Release|x86.ActiveCfg = Release|Any CPU
		{A3CFC858-502F-4A24-8A83-665647519DDC}.Release|x86.Build.0 = Release|Any CPU
		{744BB5AF-D0D7-4A03-A8EA-4F2D8F1F2E9F}.Debug|Any CPU.ActiveCfg = Debug|Any CPU
		{744BB5AF-D0D7-4A03-A8EA-4F2D8F1F2E9F}.Debug|Any CPU.Build.0 = Debug|Any CPU
		{744BB5AF-D0D7-4A03-A8EA-4F2D8F1F2E9F}.Debug|x64.ActiveCfg = Debug|Any CPU
		{744BB5AF-D0D7-4A03-A8EA-4F2D8F1F2E9F}.Debug|x64.Build.0 = Debug|Any CPU
		{744BB5AF-D0D7-4A03-A8EA-4F2D8F1F2E9F}.Debug|x86.ActiveCfg = Debug|Any CPU
		{744BB5AF-D0D7-4A03-A8EA-4F2D8F1F2E9F}.Debug|x86.Build.0 = Debug|Any CPU
		{744BB5AF-D0D7-4A03-A8EA-4F2D8F1F2E9F}.Release|Any CPU.ActiveCfg = Release|Any CPU
		{744BB5AF-D0D7-4A03-A8EA-4F2D8F1F2E9F}.Release|Any CPU.Build.0 = Release|Any CPU
		{744BB5AF-D0D7-4A03-A8EA-4F2D8F1F2E9F}.Release|x64.ActiveCfg = Release|Any CPU
		{744BB5AF-D0D7-4A03-A8EA-4F2D8F1F2E9F}.Release|x64.Build.0 = Release|Any CPU
		{744BB5AF-D0D7-4A03-A8EA-4F2D8F1F2E9F}.Release|x86.ActiveCfg = Release|Any CPU
		{744BB5AF-D0D7-4A03-A8EA-4F2D8F1F2E9F}.Release|x86.Build.0 = Release|Any CPU
		{6F0456DF-79F2-4D0E-B43F-2BDE7E91CFBA}.Debug|Any CPU.ActiveCfg = Debug|Any CPU
		{6F0456DF-79F2-4D0E-B43F-2BDE7E91CFBA}.Debug|Any CPU.Build.0 = Debug|Any CPU
		{6F0456DF-79F2-4D0E-B43F-2BDE7E91CFBA}.Debug|x64.ActiveCfg = Debug|Any CPU
		{6F0456DF-79F2-4D0E-B43F-2BDE7E91CFBA}.Debug|x64.Build.0 = Debug|Any CPU
		{6F0456DF-79F2-4D0E-B43F-2BDE7E91CFBA}.Debug|x86.ActiveCfg = Debug|Any CPU
		{6F0456DF-79F2-4D0E-B43F-2BDE7E91CFBA}.Debug|x86.Build.0 = Debug|Any CPU
		{6F0456DF-79F2-4D0E-B43F-2BDE7E91CFBA}.Release|Any CPU.ActiveCfg = Release|Any CPU
		{6F0456DF-79F2-4D0E-B43F-2BDE7E91CFBA}.Release|Any CPU.Build.0 = Release|Any CPU
		{6F0456DF-79F2-4D0E-B43F-2BDE7E91CFBA}.Release|x64.ActiveCfg = Release|Any CPU
		{6F0456DF-79F2-4D0E-B43F-2BDE7E91CFBA}.Release|x64.Build.0 = Release|Any CPU
		{6F0456DF-79F2-4D0E-B43F-2BDE7E91CFBA}.Release|x86.ActiveCfg = Release|Any CPU
		{6F0456DF-79F2-4D0E-B43F-2BDE7E91CFBA}.Release|x86.Build.0 = Release|Any CPU
		{7B98ABD7-9C06-4F81-8B8E-AB966F23E57A}.Debug|Any CPU.ActiveCfg = Debug|Any CPU
		{7B98ABD7-9C06-4F81-8B8E-AB966F23E57A}.Debug|Any CPU.Build.0 = Debug|Any CPU
		{7B98ABD7-9C06-4F81-8B8E-AB966F23E57A}.Debug|x64.ActiveCfg = Debug|Any CPU
		{7B98ABD7-9C06-4F81-8B8E-AB966F23E57A}.Debug|x64.Build.0 = Debug|Any CPU
		{7B98ABD7-9C06-4F81-8B8E-AB966F23E57A}.Debug|x86.ActiveCfg = Debug|Any CPU
		{7B98ABD7-9C06-4F81-8B8E-AB966F23E57A}.Debug|x86.Build.0 = Debug|Any CPU
		{7B98ABD7-9C06-4F81-8B8E-AB966F23E57A}.Release|Any CPU.ActiveCfg = Release|Any CPU
		{7B98ABD7-9C06-4F81-8B8E-AB966F23E57A}.Release|Any CPU.Build.0 = Release|Any CPU
		{7B98ABD7-9C06-4F81-8B8E-AB966F23E57A}.Release|x64.ActiveCfg = Release|Any CPU
		{7B98ABD7-9C06-4F81-8B8E-AB966F23E57A}.Release|x64.Build.0 = Release|Any CPU
		{7B98ABD7-9C06-4F81-8B8E-AB966F23E57A}.Release|x86.ActiveCfg = Release|Any CPU
		{7B98ABD7-9C06-4F81-8B8E-AB966F23E57A}.Release|x86.Build.0 = Release|Any CPU
	EndGlobalSection
	GlobalSection(SolutionProperties) = preSolution
		HideSolutionNode = FALSE
	EndGlobalSection
	GlobalSection(NestedProjects) = preSolution
		{ACD75B7C-6F10-42BB-91BB-23F30E1EE668} = {1AE8ACA6-933B-BF2A-3671-3E2EAC007D16}
		{A3CFC858-502F-4A24-8A83-665647519DDC} = {1AE8ACA6-933B-BF2A-3671-3E2EAC007D16}
		{744BB5AF-D0D7-4A03-A8EA-4F2D8F1F2E9F} = {1AE8ACA6-933B-BF2A-3671-3E2EAC007D16}
		{6F0456DF-79F2-4D0E-B43F-2BDE7E91CFBA} = {1AE8ACA6-933B-BF2A-3671-3E2EAC007D16}
		{7B98ABD7-9C06-4F81-8B8E-AB966F23E57A} = {1AE8ACA6-933B-BF2A-3671-3E2EAC007D16}
	EndGlobalSection
EndGlobal
